%{
  "arbor": {:hex, :arbor, "1.1.0", "dc1f1d8556bbdd34ebbb1924781ff504a445c3cd11e1fe6e62b77395105f7f56", [:mix], [{:ecto_sql, ">= 3.0.0", [hex: :ecto_sql, repo: "hexpm", optional: false]}, {:postgrex, ">= 0.0.0", [hex: :postgrex, repo: "hexpm", optional: false]}], "hexpm"},
  "connection": {:hex, :connection, "1.0.4", "a1cae72211f0eef17705aaededacac3eb30e6625b04a6117c1b2db6ace7d5976", [:mix], []},
  "db_connection": {:hex, :db_connection, "2.1.0", "122e2f62c4906bf2e49554f1e64db5030c19229aa40935f33088e7d543aa79d0", [:mix], [{:connection, "~> 1.0.2", [hex: :connection, optional: false]}]},
  "decimal": {:hex, :decimal, "1.7.0", "30d6b52c88541f9a66637359ddf85016df9eb266170d53105f02e4a67e00c5aa", [:mix], []},
  "ecto": {:hex, :ecto, "3.1.5", "07dfe89630857ea1a90fd5575c41b974696dae27071ac91bcbb7b769a15b66db", [:mix], [{:decimal, "~> 1.6", [hex: :decimal, optional: false]}, {:jason, "~> 1.0", [hex: :jason, optional: true]}]},
  "ecto_sql": {:hex, :ecto_sql, "3.1.4", "ac36c453542bae69e93a6882c8448743b2bb353cae3587910e5eb3aa8e96a52d", [:mix], [{:db_connection, "~> 2.0", [hex: :db_connection, optional: false]}, {:ecto, "~> 3.1.0", [hex: :ecto, optional: false]}, {:mariaex, "~> 0.9.1", [hex: :mariaex, optional: true]}, {:myxql, "~> 0.2.0", [hex: :myxql, optional: true]}, {:postgrex, "~> 0.14.0", [hex: :postgrex, optional: true]}, {:telemetry, "~> 0.4.0", [hex: :telemetry, optional: false]}]},
  "geo": {:hex, :geo, "3.1.0", "727e005262430d037e870ff364e65d80ca5ca21d5ac8eddd57a1ada72c3f83b0", [:mix], []},
  "geo_postgis": {:hex, :geo_postgis, "3.1.0", "d06c8fa5fd140a52a5c9dab4ad6623a696dd7d99dd791bb361d3f94942442ff9", [:mix], [{:geo, "~> 3.1", [hex: :geo, optional: false]}, {:jason, "~> 1.0", [hex: :jason, optional: true]}, {:poison, "~> 2.2 or ~> 3.0 or ~> 4.0", [hex: :poison, optional: true]}, {:postgrex, "~> 0.14", [hex: :postgrex, optional: false]}]},
  "inflex": {:hex, :inflex, "2.0.0", "db69d542b8fdb23ac667f9bc0c2395a3983fa2da6ae2efa7ab5dc541928f7a75", [:mix], [], "hexpm"},
  "jason": {:hex, :jason, "1.1.2", "b03dedea67a99223a2eaf9f1264ce37154564de899fd3d8b9a21b1a6fd64afe7", [:mix], [{:decimal, "~> 1.0", [hex: :decimal, optional: true]}]},
  "postgrex": {:hex, :postgrex, "0.14.3", "5754dee2fdf6e9e508cbf49ab138df964278700b764177e8f3871e658b345a1e", [:mix], [{:connection, "~> 1.0", [hex: :connection, optional: false]}, {:db_connection, "~> 2.0", [hex: :db_connection, optional: false]}, {:decimal, "~> 1.5", [hex: :decimal, optional: false]}, {:jason, "~> 1.0", [hex: :jason, optional: true]}]},
  "sweet_xml": {:hex, :sweet_xml, "0.6.6", "fc3e91ec5dd7c787b6195757fbcf0abc670cee1e4172687b45183032221b66b8", [:mix], []},
  "telemetry": {:hex, :telemetry, "0.4.0", "8339bee3fa8b91cb84d14c2935f8ecf399ccd87301ad6da6b71c09553834b2ab", [:rebar3], []},
}
